
Microsoft Visual Studio Solution File, Format Version 12.00
# Visual Studio Version 17
VisualStudioVersion = 17.3.32804.467
MinimumVisualStudioVersion = 10.0.40219.1
Project("{FAE04EC0-301F-11D3-BF4B-00C04F79EFBC}") = "KampIntro", "KampIntro\KampIntro.csproj", "{84BD1CE5-32C5-4CA3-931A-3E53537F2F87}"
EndProject
Project("{FAE04EC0-301F-11D3-BF4B-00C04F79EFBC}") = "Matematik", "Matematik\Matematik.csproj", "{18154CA0-CB4A-4CD7-8049-236F1C024C12}"
EndProject
Project("{FAE04EC0-301F-11D3-BF4B-00C04F79EFBC}") = "Metotlar", "Metotlar\Metotlar.csproj", "{7CAE6446-AA2A-4820-A6BA-60727F6D4623}"
EndProject
Project("{9A19103F-16F7-4668-BE54-9A1E7A4F7556}") = "OOP1", "OOP1\OOP1.csproj", "{577F2BC7-8A2C-4A24-B83F-EDE91762780F}"
EndProject
Project("{FAE04EC0-301F-11D3-BF4B-00C04F79EFBC}") = "GenericsIntro", "GenericsIntro\GenericsIntro.csproj", "{2BBF6BB2-907A-49A3-B98D-EBADE52FC187}"
EndProject
Global
	GlobalSection(SolutionConfigurationPlatforms) = preSolution
		Debug|Any CPU = Debug|Any CPU
		Release|Any CPU = Release|Any CPU
	EndGlobalSection
	GlobalSection(ProjectConfigurationPlatforms) = postSolution
		{84BD1CE5-32C5-4CA3-931A-3E53537F2F87}.Debug|Any CPU.ActiveCfg = Debug|Any CPU
		{84BD1CE5-32C5-4CA3-931A-3E53537F2F87}.Debug|Any CPU.Build.0 = Debug|Any CPU
		{84BD1CE5-32C5-4CA3-931A-3E53537F2F87}.Release|Any CPU.ActiveCfg = Release|Any CPU
		{84BD1CE5-32C5-4CA3-931A-3E53537F2F87}.Release|Any CPU.Build.0 = Release|Any CPU
		{18154CA0-CB4A-4CD7-8049-236F1C024C12}.Debug|Any CPU.ActiveCfg = Debug|Any CPU
		{18154CA0-CB4A-4CD7-8049-236F1C024C12}.Debug|Any CPU.Build.0 = Debug|Any CPU
		{18154CA0-CB4A-4CD7-8049-236F1C024C12}.Release|Any CPU.ActiveCfg = Release|Any CPU
		{18154CA0-CB4A-4CD7-8049-236F1C024C12}.Release|Any CPU.Build.0 = Release|Any CPU
		{7CAE6446-AA2A-4820-A6BA-60727F6D4623}.Debug|Any CPU.ActiveCfg = Debug|Any CPU
		{7CAE6446-AA2A-4820-A6BA-60727F6D4623}.Debug|Any CPU.Build.0 = Debug|Any CPU
		{7CAE6446-AA2A-4820-A6BA-60727F6D4623}.Release|Any CPU.ActiveCfg = Release|Any CPU
		{7CAE6446-AA2A-4820-A6BA-60727F6D4623}.Release|Any CPU.Build.0 = Release|Any CPU
		{577F2BC7-8A2C-4A24-B83F-EDE91762780F}.Debug|Any CPU.ActiveCfg = Debug|Any CPU
		{577F2BC7-8A2C-4A24-B83F-EDE91762780F}.Debug|Any CPU.Build.0 = Debug|Any CPU
		{577F2BC7-8A2C-4A24-B83F-EDE91762780F}.Release|Any CPU.ActiveCfg = Release|Any CPU
		{577F2BC7-8A2C-4A24-B83F-EDE91762780F}.Release|Any CPU.Build.0 = Release|Any CPU
		{2BBF6BB2-907A-49A3-B98D-EBADE52FC187}.Debug|Any CPU.ActiveCfg = Debug|Any CPU
		{2BBF6BB2-907A-49A3-B98D-EBADE52FC187}.Debug|Any CPU.Build.0 = Debug|Any CPU
		{2BBF6BB2-907A-49A3-B98D-EBADE52FC187}.Release|Any CPU.ActiveCfg = Release|Any CPU
		{2BBF6BB2-907A-49A3-B98D-EBADE52FC187}.Release|Any CPU.Build.0 = Release|Any CPU
	EndGlobalSection
	GlobalSection(SolutionProperties) = preSolution
		HideSolutionNode = FALSE
	EndGlobalSection
	GlobalSection(ExtensibilityGlobals) = postSolution
		SolutionGuid = {822E9427-E0F2-4DE9-BE65-102F20C60C3D}
	EndGlobalSection
EndGlobal
